
Microsoft Visual Studio Solution File, Format Version 12.00
# Visual Studio 2012
Project("{FAE04EC0-301F-11D3-BF4B-00C04F79EFBC}") = "StUtil.Core", "StUtil.Core\StUtil.Core.csproj", "{23BE9E56-B59D-48C2-9ACA-336B591C8FE4}"
EndProject
Project("{FAE04EC0-301F-11D3-BF4B-00C04F79EFBC}") = "StUtil.Imaging", "StUtil.Imaging\StUtil.Imaging.csproj", "{5AD8A626-A154-4FBB-89AC-72348258EA63}"
EndProject
Project("{FAE04EC0-301F-11D3-BF4B-00C04F79EFBC}") = "StUtil.Debugging", "StUtil.Debugging\StUtil.Debugging.csproj", "{B26EFBD2-3066-458F-A65C-6D05DB9267E1}"
EndProject
Project("{FAE04EC0-301F-11D3-BF4B-00C04F79EFBC}") = "StUtil.Reflection", "StUtil.Reflection\StUtil.Reflection.csproj", "{2A845B03-FB29-46BE-92DC-8345E47443C9}"
EndProject
Project("{FAE04EC0-301F-11D3-BF4B-00C04F79EFBC}") = "StUtil.Console", "StUtil.Console\StUtil.Console.csproj", "{E1C6D3E6-688E-40AC-B94F-B02466FEF20E}"
EndProject
Project("{FAE04EC0-301F-11D3-BF4B-00C04F79EFBC}") = "StUtil.Native", "StUtil.Native\StUtil.Native.csproj", "{FF84F30F-A046-4325-8E3B-8362193250A8}"
EndProject
Project("{FAE04EC0-301F-11D3-BF4B-00C04F79EFBC}") = "StUtil.Automation", "StUtil.Automation\StUtil.Automation.csproj", "{A8425D60-C18A-4177-8361-5B1501042B5A}"
EndProject
Project("{FAE04EC0-301F-11D3-BF4B-00C04F79EFBC}") = "StUtil.Tests", "StUtil.Tests\StUtil.Tests.csproj", "{0E264438-CE1E-4417-B548-1E76EE167A9B}"
EndProject
Project("{FAE04EC0-301F-11D3-BF4B-00C04F79EFBC}") = "StUtil.Net", "StUtil.Net\StUtil.Net.csproj", "{0CD752B9-B072-4C76-B64D-EB8873DC666F}"
EndProject
Project("{FAE04EC0-301F-11D3-BF4B-00C04F79EFBC}") = "StUtil.UI", "StUtil.UI\StUtil.UI.csproj", "{D82C9D9C-EB79-4C4B-AFBF-60811F1540E0}"
EndProject
Project("{FAE04EC0-301F-11D3-BF4B-00C04F79EFBC}") = "StUtil.Video", "StUtil.Video\StUtil.Video.csproj", "{115776A2-4F01-46FA-A335-A829A0F51509}"
EndProject
Global
	GlobalSection(SolutionConfigurationPlatforms) = preSolution
		Debug|Any CPU = Debug|Any CPU
		Release|Any CPU = Release|Any CPU
	EndGlobalSection
	GlobalSection(ProjectConfigurationPlatforms) = postSolution
		{23BE9E56-B59D-48C2-9ACA-336B591C8FE4}.Debug|Any CPU.ActiveCfg = Debug|Any CPU
		{23BE9E56-B59D-48C2-9ACA-336B591C8FE4}.Debug|Any CPU.Build.0 = Debug|Any CPU
		{23BE9E56-B59D-48C2-9ACA-336B591C8FE4}.Release|Any CPU.ActiveCfg = Release|Any CPU
		{23BE9E56-B59D-48C2-9ACA-336B591C8FE4}.Release|Any CPU.Build.0 = Release|Any CPU
		{5AD8A626-A154-4FBB-89AC-72348258EA63}.Debug|Any CPU.ActiveCfg = Debug|Any CPU
		{5AD8A626-A154-4FBB-89AC-72348258EA63}.Debug|Any CPU.Build.0 = Debug|Any CPU
		{5AD8A626-A154-4FBB-89AC-72348258EA63}.Release|Any CPU.ActiveCfg = Release|Any CPU
		{5AD8A626-A154-4FBB-89AC-72348258EA63}.Release|Any CPU.Build.0 = Release|Any CPU
		{B26EFBD2-3066-458F-A65C-6D05DB9267E1}.Debug|Any CPU.ActiveCfg = Debug|Any CPU
		{B26EFBD2-3066-458F-A65C-6D05DB9267E1}.Debug|Any CPU.Build.0 = Debug|Any CPU
		{B26EFBD2-3066-458F-A65C-6D05DB9267E1}.Release|Any CPU.ActiveCfg = Release|Any CPU
		{B26EFBD2-3066-458F-A65C-6D05DB9267E1}.Release|Any CPU.Build.0 = Release|Any CPU
		{2A845B03-FB29-46BE-92DC-8345E47443C9}.Debug|Any CPU.ActiveCfg = Debug|Any CPU
		{2A845B03-FB29-46BE-92DC-8345E47443C9}.Debug|Any CPU.Build.0 = Debug|Any CPU
		{2A845B03-FB29-46BE-92DC-8345E47443C9}.Release|Any CPU.ActiveCfg = Release|Any CPU
		{2A845B03-FB29-46BE-92DC-8345E47443C9}.Release|Any CPU.Build.0 = Release|Any CPU
		{E1C6D3E6-688E-40AC-B94F-B02466FEF20E}.Debug|Any CPU.ActiveCfg = Debug|Any CPU
		{E1C6D3E6-688E-40AC-B94F-B02466FEF20E}.Debug|Any CPU.Build.0 = Debug|Any CPU
		{E1C6D3E6-688E-40AC-B94F-B02466FEF20E}.Release|Any CPU.ActiveCfg = Release|Any CPU
		{E1C6D3E6-688E-40AC-B94F-B02466FEF20E}.Release|Any CPU.Build.0 = Release|Any CPU
		{FF84F30F-A046-4325-8E3B-8362193250A8}.Debug|Any CPU.ActiveCfg = Debug|Any CPU
		{FF84F30F-A046-4325-8E3B-8362193250A8}.Debug|Any CPU.Build.0 = Debug|Any CPU
		{FF84F30F-A046-4325-8E3B-8362193250A8}.Release|Any CPU.ActiveCfg = Release|Any CPU
		{FF84F30F-A046-4325-8E3B-8362193250A8}.Release|Any CPU.Build.0 = Release|Any CPU
		{A8425D60-C18A-4177-8361-5B1501042B5A}.Debug|Any CPU.ActiveCfg = Debug|Any CPU
		{A8425D60-C18A-4177-8361-5B1501042B5A}.Debug|Any CPU.Build.0 = Debug|Any CPU
		{A8425D60-C18A-4177-8361-5B1501042B5A}.Release|Any CPU.ActiveCfg = Release|Any CPU
		{A8425D60-C18A-4177-8361-5B1501042B5A}.Release|Any CPU.Build.0 = Release|Any CPU
		{0E264438-CE1E-4417-B548-1E76EE167A9B}.Debug|Any CPU.ActiveCfg = Debug|Any CPU
		{0E264438-CE1E-4417-B548-1E76EE167A9B}.Debug|Any CPU.Build.0 = Debug|Any CPU
		{0E264438-CE1E-4417-B548-1E76EE167A9B}.Release|Any CPU.ActiveCfg = Release|Any CPU
		{0E264438-CE1E-4417-B548-1E76EE167A9B}.Release|Any CPU.Build.0 = Release|Any CPU
		{0CD752B9-B072-4C76-B64D-EB8873DC666F}.Debug|Any CPU.ActiveCfg = Debug|Any CPU
		{0CD752B9-B072-4C76-B64D-EB8873DC666F}.Debug|Any CPU.Build.0 = Debug|Any CPU
		{0CD752B9-B072-4C76-B64D-EB8873DC666F}.Release|Any CPU.ActiveCfg = Release|Any CPU
		{0CD752B9-B072-4C76-B64D-EB8873DC666F}.Release|Any CPU.Build.0 = Release|Any CPU
		{D82C9D9C-EB79-4C4B-AFBF-60811F1540E0}.Debug|Any CPU.ActiveCfg = Debug|Any CPU
		{D82C9D9C-EB79-4C4B-AFBF-60811F1540E0}.Debug|Any CPU.Build.0 = Debug|Any CPU
		{D82C9D9C-EB79-4C4B-AFBF-60811F1540E0}.Release|Any CPU.ActiveCfg = Release|Any CPU
		{D82C9D9C-EB79-4C4B-AFBF-60811F1540E0}.Release|Any CPU.Build.0 = Release|Any CPU
		{115776A2-4F01-46FA-A335-A829A0F51509}.Debug|Any CPU.ActiveCfg = Debug|Any CPU
		{115776A2-4F01-46FA-A335-A829A0F51509}.Debug|Any CPU.Build.0 = Debug|Any CPU
		{115776A2-4F01-46FA-A335-A829A0F51509}.Release|Any CPU.ActiveCfg = Release|Any CPU
		{115776A2-4F01-46FA-A335-A829A0F51509}.Release|Any CPU.Build.0 = Release|Any CPU
	EndGlobalSection
	GlobalSection(SolutionProperties) = preSolution
		HideSolutionNode = FALSE
	EndGlobalSection
EndGlobal
